
Microsoft Visual Studio Solution File, Format Version 12.00
# Visual Studio 15
VisualStudioVersion = 15.0.28307.1300
MinimumVisualStudioVersion = 10.0.40219.1
Project("{888888A0-9F3D-457C-B088-3A5042F75D52}") = "test9", "test9\test9.pyproj", "{CD7B9FCF-0014-457B-9D47-3EC8D8530EE7}"
EndProject
Global
	GlobalSection(SolutionConfigurationPlatforms) = preSolution
		Debug|Any CPU = Debug|Any CPU
		Release|Any CPU = Release|Any CPU
	EndGlobalSection
	GlobalSection(ProjectConfigurationPlatforms) = postSolution
		{CD7B9FCF-0014-457B-9D47-3EC8D8530EE7}.Debug|Any CPU.ActiveCfg = Debug|Any CPU
		{CD7B9FCF-0014-457B-9D47-3EC8D8530EE7}.Release|Any CPU.ActiveCfg = Release|Any CPU
	EndGlobalSection
	GlobalSection(SolutionProperties) = preSolution
		HideSolutionNode = FALSE
	EndGlobalSection
	GlobalSection(ExtensibilityGlobals) = postSolution
		SolutionGuid = {EBA04FF6-51A5-4838-98E7-F2EFC80E073E}
	EndGlobalSection
EndGlobal
